
Microsoft Visual Studio Solution File, Format Version 12.00
# Visual Studio Version 17
VisualStudioVersion = 17.8.34601.278
MinimumVisualStudioVersion = 10.0.40219.1
Project("{FAE04EC0-301F-11D3-BF4B-00C04F79EFBC}") = "WareManagement", "WareManagement\WareManagement.csproj", "{D6C01EC9-A259-4D78-BF2E-B8A6B5F11773}"
EndProject
Global
	GlobalSection(SolutionConfigurationPlatforms) = preSolution
		Debug|Any CPU = Debug|Any CPU
		Release|Any CPU = Release|Any CPU
	EndGlobalSection
	GlobalSection(ProjectConfigurationPlatforms) = postSolution
		{D6C01EC9-A259-4D78-BF2E-B8A6B5F11773}.Debug|Any CPU.ActiveCfg = Debug|Any CPU
		{D6C01EC9-A259-4D78-BF2E-B8A6B5F11773}.Debug|Any CPU.Build.0 = Debug|Any CPU
		{D6C01EC9-A259-4D78-BF2E-B8A6B5F11773}.Release|Any CPU.ActiveCfg = Release|Any CPU
		{D6C01EC9-A259-4D78-BF2E-B8A6B5F11773}.Release|Any CPU.Build.0 = Release|Any CPU
	EndGlobalSection
	GlobalSection(SolutionProperties) = preSolution
		HideSolutionNode = FALSE
	EndGlobalSection
	GlobalSection(ExtensibilityGlobals) = postSolution
		SolutionGuid = {EFEFFC2E-84F9-451C-B591-D51ADF516B87}
	EndGlobalSection
EndGlobal
